
Microsoft Visual Studio Solution File, Format Version 12.00
# Visual Studio Version 16
VisualStudioVersion = 16.0.30611.23
MinimumVisualStudioVersion = 10.0.40219.1
Project("{F184B08F-C81C-45F6-A57F-5ABD9991F28F}") = "TreeList", "TreeList.vbproj", "{D4171789-93C0-4B4D-8616-B47B3B8AF9C5}"
EndProject
Global
	GlobalSection(SolutionConfigurationPlatforms) = preSolution
		Debug|Any CPU = Debug|Any CPU
		Release|Any CPU = Release|Any CPU
	EndGlobalSection
	GlobalSection(ProjectConfigurationPlatforms) = postSolution
		{D4171789-93C0-4B4D-8616-B47B3B8AF9C5}.Debug|Any CPU.ActiveCfg = Debug|Any CPU
		{D4171789-93C0-4B4D-8616-B47B3B8AF9C5}.Debug|Any CPU.Build.0 = Debug|Any CPU
		{D4171789-93C0-4B4D-8616-B47B3B8AF9C5}.Release|Any CPU.ActiveCfg = Release|Any CPU
		{D4171789-93C0-4B4D-8616-B47B3B8AF9C5}.Release|Any CPU.Build.0 = Release|Any CPU
	EndGlobalSection
	GlobalSection(SolutionProperties) = preSolution
		HideSolutionNode = FALSE
	EndGlobalSection
	GlobalSection(ExtensibilityGlobals) = postSolution
		SolutionGuid = {4E8738A4-E9C5-43D7-8462-1688B8E84DF4}
	EndGlobalSection
EndGlobal
